
Microsoft Visual Studio Solution File, Format Version 12.00
# Visual Studio Version 16
VisualStudioVersion = 16.0.29009.5
MinimumVisualStudioVersion = 10.0.40219.1
Project("{FAE04EC0-301F-11D3-BF4B-00C04F79EFBC}") = "HelloWorld", "HelloWorld\HelloWorld.csproj", "{63049AA7-3E0F-46CC-932E-4303F34964DA}"
EndProject
Global
	GlobalSection(SolutionConfigurationPlatforms) = preSolution
		Debug|Any CPU = Debug|Any CPU
		Release|Any CPU = Release|Any CPU
	EndGlobalSection
	GlobalSection(ProjectConfigurationPlatforms) = postSolution
		{63049AA7-3E0F-46CC-932E-4303F34964DA}.Debug|Any CPU.ActiveCfg = Debug|Any CPU
		{63049AA7-3E0F-46CC-932E-4303F34964DA}.Debug|Any CPU.Build.0 = Debug|Any CPU
		{63049AA7-3E0F-46CC-932E-4303F34964DA}.Release|Any CPU.ActiveCfg = Release|Any CPU
		{63049AA7-3E0F-46CC-932E-4303F34964DA}.Release|Any CPU.Build.0 = Release|Any CPU
	EndGlobalSection
	GlobalSection(SolutionProperties) = preSolution
		HideSolutionNode = FALSE
	EndGlobalSection
	GlobalSection(ExtensibilityGlobals) = postSolution
		SolutionGuid = {AE7E3F5E-CD97-4682-8AEF-C6F1275888B6}
	EndGlobalSection
EndGlobal
